github.com/gomagedon/expectate v1.3.1 h1:3uMpPYoPGiH1+24FHJOQcyPR/CwZ+nGqIH6GWpwOyLc=
github.com/gomagedon/expectate v1.3.1/go.mod h1:MjUGVh3wc9FEgdHn8D1M3GxNXcOkRFBHx6xlf0bnFog=
github.com/google/go-cmp v0.5.8 h1:e6P7q2lk1O+qJJb4BtCQXlK8vWEO8V1ZeuEdJNOqZyg=
github.com/google/go-cmp v0.5.8/go.mod h1:17dUlkBOakJ0+DkrSSNjCkIjxS6bF9zb3elmeNGIjoY=
